github.com/go-log/log v0.2.0 h1:z8i91GBudxD5L3RmF0KVpetCbcGWAV7q1Tw1eRwQM9Q=
github.com/go-log/log v0.2.0/go.mod h1:xzCnwajcues/6w7lne3yK2QU7DBPW7kqbgPGG5AF65U=
gopkg.in/check.v1 v0.0.0-20161208181325-20d25e280405 h1:yhCVgyC4o1eVCa2tZl7eS0r+SDo693bJlVdllGtEeKM=
gopkg.in/check.v1 v0.0.0-20161208181325-20d25e280405/go.mod h1:Co6ibVJAznAaIkqp8huTwlJQCZ016jof/cbN4VW5Yz0=
gopkg.in/yaml.v3 v3.0.0-20200504163728-5308cda29e3d h1:6bgL440VgqcwXl4vE9sB7DRHhANM+WO/1llfOXSU9ZM=
gopkg.in/yaml.v3 v3.0.0-20200504163728-5308cda29e3d/go.mod h1:K4uyk7z7BCEPqu6E+C64Yfv1cQ7kz7rIZviUmN+EgEM=
